// !$*UTF8*$!
{
	archiveVersion = 1;
	classes = {
	};
	objectVersion = 77;
	objects = {

/* Begin PBXBuildFile section */
		855E38602EA94A620029C420 /* FoundationModels.framework in Frameworks */ = {isa = PBXBuildFile; fileRef = 855E385F2EA94A620029C420 /* FoundationModels.framework */; };
		855E38622EA94A730029C420 /* NaturalLanguage.framework in Frameworks */ = {isa = PBXBuildFile; fileRef = 855E38612EA94A730029C420 /* NaturalLanguage.framework */; };
		855E38642EA94AF40029C420 /* libsqlite3.tbd in Frameworks */ = {isa = PBXBuildFile; fileRef = 855E38632EA94AE60029C420 /* libsqlite3.tbd */; };
		855E38662EA94C630029C420 /* libcompression.tbd in Frameworks */ = {isa = PBXBuildFile; fileRef = 855E38652EA94C630029C420 /* libcompression.tbd */; };
		855E38692EA94F460029C420 /* MLX in Frameworks */ = {isa = PBXBuildFile; productRef = 855E38682EA94F460029C420 /* MLX */; };
		855E386B2EA94F460029C420 /* MLXFast in Frameworks */ = {isa = PBXBuildFile; productRef = 855E386A2EA94F460029C420 /* MLXFast */; };
		855E386D2EA94F460029C420 /* MLXLinalg in Frameworks */ = {isa = PBXBuildFile; productRef = 855E386C2EA94F460029C420 /* MLXLinalg */; };
		855E386F2EA94F460029C420 /* MLXNN in Frameworks */ = {isa = PBXBuildFile; productRef = 855E386E2EA94F460029C420 /* MLXNN */; };
		858DA3262EA956AC00A44B2F /* MLXLLM in Frameworks */ = {isa = PBXBuildFile; productRef = 858DA3252EA956AC00A44B2F /* MLXLLM */; };
		858DA3282EA956AC00A44B2F /* MLXLMCommon in Frameworks */ = {isa = PBXBuildFile; productRef = 858DA3272EA956AC00A44B2F /* MLXLMCommon */; };
		85C74A1B2EC6EC4600C52EF5 /* README.md in Resources */ = {isa = PBXBuildFile; fileRef = 85C74A1A2EC6EC4500C52EF5 /* README.md */; };
/* End PBXBuildFile section */

/* Begin PBXFileReference section */
		855E385F2EA94A620029C420 /* FoundationModels.framework */ = {isa = PBXFileReference; lastKnownFileType = wrapper.framework; name = FoundationModels.framework; path = System/Library/Frameworks/FoundationModels.framework; sourceTree = SDKROOT; };
		855E38612EA94A730029C420 /* NaturalLanguage.framework */ = {isa = PBXFileReference; lastKnownFileType = wrapper.framework; name = NaturalLanguage.framework; path = System/Library/Frameworks/NaturalLanguage.framework; sourceTree = SDKROOT; };
		855E38632EA94AE60029C420 /* libsqlite3.tbd */ = {isa = PBXFileReference; lastKnownFileType = "sourcecode.text-based-dylib-definition"; name = libsqlite3.tbd; path = usr/lib/libsqlite3.tbd; sourceTree = SDKROOT; };
		855E38652EA94C630029C420 /* libcompression.tbd */ = {isa = PBXFileReference; lastKnownFileType = "sourcecode.text-based-dylib-definition"; name = libcompression.tbd; path = usr/lib/libcompression.tbd; sourceTree = SDKROOT; };
		85B3C57D2EA943560060BCEC /* Hal Universal.app */ = {isa = PBXFileReference; explicitFileType = wrapper.application; includeInIndex = 0; path = "Hal Universal.app"; sourceTree = BUILT_PRODUCTS_DIR; };
		85C74A1A2EC6EC4500C52EF5 /* README.md */ = {isa = PBXFileReference; lastKnownFileType = net.daringfireball.markdown; path = README.md; sourceTree = "<group>"; };
/* End PBXFileReference section */

/* Begin PBXFileSystemSynchronizedRootGroup section */
		85B3C57F2EA943560060BCEC /* Hal Universal */ = {
			isa = PBXFileSystemSynchronizedRootGroup;
			path = "Hal Universal";
			sourceTree = "<group>";
		};
/* End PBXFileSystemSynchronizedRootGroup section */

/* Begin PBXFrameworksBuildPhase section */
		85B3C57A2EA943560060BCEC /* Frameworks */ = {
			isa = PBXFrameworksBuildPhase;
			buildActionMask = 2147483647;
			files = (
				858DA3282EA956AC00A44B2F /* MLXLMCommon in Frameworks */,
				858DA3262EA956AC00A44B2F /* MLXLLM in Frameworks */,
				855E386B2EA94F460029C420 /* MLXFast in Frameworks */,
				855E386D2EA94F460029C420 /* MLXLinalg in Frameworks */,
				855E386F2EA94F460029C420 /* MLXNN in Frameworks */,
				855E38662EA94C630029C420 /* libcompression.tbd in Frameworks */,
				855E38642EA94AF40029C420 /* libsqlite3.tbd in Frameworks */,
				855E38622EA94A730029C420 /* NaturalLanguage.framework in Frameworks */,
				855E38692EA94F460029C420 /* MLX in Frameworks */,
				855E38602EA94A620029C420 /* FoundationModels.framework in Frameworks */,
			);
			runOnlyForDeploymentPostprocessing = 0;
		};
/* End PBXFrameworksBuildPhase section */

/* Begin PBXGroup section */
		855E385E2EA94A620029C420 /* Frameworks */ = {
			isa = PBXGroup;
			children = (
				855E38652EA94C630029C420 /* libcompression.tbd */,
				855E38632EA94AE60029C420 /* libsqlite3.tbd */,
				855E38612EA94A730029C420 /* NaturalLanguage.framework */,
				855E385F2EA94A620029C420 /* FoundationModels.framework */,
			);
			name = Frameworks;
			sourceTree = "<group>";
		};
		85B3C5742EA943560060BCEC = {
			isa = PBXGroup;
			children = (
				85C74A1A2EC6EC4500C52EF5 /* README.md */,
				85B3C57F2EA943560060BCEC /* Hal Universal */,
				855E385E2EA94A620029C420 /* Frameworks */,
				85B3C57E2EA943560060BCEC /* Products */,
			);
			sourceTree = "<group>";
		};
		85B3C57E2EA943560060BCEC /* Products */ = {
			isa = PBXGroup;
			children = (
				85B3C57D2EA943560060BCEC /* Hal Universal.app */,
			);
			name = Products;
			sourceTree = "<group>";
		};
/* End PBXGroup section */

/* Begin PBXNativeTarget section */
		85B3C57C2EA943560060BCEC /* Hal Universal */ = {
			isa = PBXNativeTarget;
			buildConfigurationList = 85B3C5882EA943580060BCEC /* Build configuration list for PBXNativeTarget "Hal Universal" */;
			buildPhases = (
				85B3C5792EA943560060BCEC /* Sources */,
				85B3C57A2EA943560060BCEC /* Frameworks */,
				85B3C57B2EA943560060BCEC /* Resources */,
			);
			buildRules = (
			);
			dependencies = (
			);
			fileSystemSynchronizedGroups = (
				85B3C57F2EA943560060BCEC /* Hal Universal */,
			);
			name = "Hal Universal";
			packageProductDependencies = (
				855E38682EA94F460029C420 /* MLX */,
				855E386A2EA94F460029C420 /* MLXFast */,
				855E386C2EA94F460029C420 /* MLXLinalg */,
				855E386E2EA94F460029C420 /* MLXNN */,
				858DA3252EA956AC00A44B2F /* MLXLLM */,
				858DA3272EA956AC00A44B2F /* MLXLMCommon */,
			);
			productName = "Hal Universal";
			productReference = 85B3C57D2EA943560060BCEC /* Hal Universal.app */;
			productType = "com.apple.product-type.application";
		};
/* End PBXNativeTarget section */

/* Begin PBXProject section */
		85B3C5752EA943560060BCEC /* Project object */ = {
			isa = PBXProject;
			attributes = {
				BuildIndependentTargetsInParallel = 1;
				LastSwiftUpdateCheck = 2600;
				LastUpgradeCheck = 2610;
				TargetAttributes = {
					85B3C57C2EA943560060BCEC = {
						CreatedOnToolsVersion = 26.0.1;
						LastSwiftMigration = 2600;
					};
				};
			};
			buildConfigurationList = 85B3C5782EA943560060BCEC /* Build configuration list for PBXProject "Hal Universal" */;
			developmentRegion = en;
			hasScannedForEncodings = 0;
			knownRegions = (
				en,
				Base,
			);
			mainGroup = 85B3C5742EA943560060BCEC;
			minimizedProjectReferenceProxies = 1;
			packageReferences = (
				855E38672EA94F460029C420 /* XCRemoteSwiftPackageReference "mlx-swift" */,
				858DA3242EA956AC00A44B2F /* XCRemoteSwiftPackageReference "mlx-swift-examples" */,
			);
			preferredProjectObjectVersion = 77;
			productRefGroup = 85B3C57E2EA943560060BCEC /* Products */;
			projectDirPath = "";
			projectRoot = "";
			targets = (
				85B3C57C2EA943560060BCEC /* Hal Universal */,
			);
		};
/* End PBXProject section */

/* Begin PBXResourcesBuildPhase section */
		85B3C57B2EA943560060BCEC /* Resources */ = {
			isa = PBXResourcesBuildPhase;
			buildActionMask = 2147483647;
			files = (
				85C74A1B2EC6EC4600C52EF5 /* README.md in Resources */,
			);
			runOnlyForDeploymentPostprocessing = 0;
		};
/* End PBXResourcesBuildPhase section */

/* Begin PBXSourcesBuildPhase section */
		85B3C5792EA943560060BCEC /* Sources */ = {
			isa = PBXSourcesBuildPhase;
			buildActionMask = 2147483647;
			files = (
			);
			runOnlyForDeploymentPostprocessing = 0;
		};
/* End PBXSourcesBuildPhase section */

/* Begin XCBuildConfiguration section */
		85B3C5862EA943580060BCEC /* Debug */ = {
			isa = XCBuildConfiguration;
			buildSettings = {
				ALWAYS_SEARCH_USER_PATHS = NO;
				ASSETCATALOG_COMPILER_GENERATE_SWIFT_ASSET_SYMBOL_EXTENSIONS = YES;
				CLANG_ANALYZER_NONNULL = YES;
				CLANG_ANALYZER_NUMBER_OBJECT_CONVERSION = YES_AGGRESSIVE;
				CLANG_CXX_LANGUAGE_STANDARD = "gnu++20";
				CLANG_ENABLE_MODULES = YES;
				CLANG_ENABLE_OBJC_ARC = YES;
				CLANG_ENABLE_OBJC_WEAK = YES;
				CLANG_WARN_BLOCK_CAPTURE_AUTORELEASING = YES;
				CLANG_WARN_BOOL_CONVERSION = YES;
				CLANG_WARN_COMMA = YES;
				CLANG_WARN_CONSTANT_CONVERSION = YES;
				CLANG_WARN_DEPRECATED_OBJC_IMPLEMENTATIONS = YES;
				CLANG_WARN_DIRECT_OBJC_ISA_USAGE = YES_ERROR;
				CLANG_WARN_DOCUMENTATION_COMMENTS = YES;
				CLANG_WARN_EMPTY_BODY = YES;
				CLANG_WARN_ENUM_CONVERSION = YES;
				CLANG_WARN_INFINITE_RECURSION = YES;
				CLANG_WARN_INT_CONVERSION = YES;
				CLANG_WARN_NON_LITERAL_NULL_CONVERSION = YES;
				CLANG_WARN_OBJC_IMPLICIT_RETAIN_SELF = YES;
				CLANG_WARN_OBJC_LITERAL_CONVERSION = YES;
				CLANG_WARN_OBJC_ROOT_CLASS = YES_ERROR;
				CLANG_WARN_QUOTED_INCLUDE_IN_FRAMEWORK_HEADER = YES;
				CLANG_WARN_RANGE_LOOP_ANALYSIS = YES;
				CLANG_WARN_STRICT_PROTOTYPES = YES;
				CLANG_WARN_SUSPICIOUS_MOVE = YES;
				CLANG_WARN_UNGUARDED_AVAILABILITY = YES_AGGRESSIVE;
				CLANG_WARN_UNREACHABLE_CODE = YES;
				CLANG_WARN__DUPLICATE_METHOD_MATCH = YES;
				COPY_PHASE_STRIP = NO;
				DEBUG_INFORMATION_FORMAT = dwarf;
				DEVELOPMENT_TEAM = FBUNBDS7R7;
				ENABLE_STRICT_OBJC_MSGSEND = YES;
				ENABLE_TESTABILITY = YES;
				ENABLE_USER_SCRIPT_SANDBOXING = YES;
				GCC_C_LANGUAGE_STANDARD = gnu17;
				GCC_DYNAMIC_NO_PIC = NO;
				GCC_NO_COMMON_BLOCKS = YES;
				GCC_OPTIMIZATION_LEVEL = 0;
				GCC_PREPROCESSOR_DEFINITIONS = (
					"DEBUG=1",
					"$(inherited)",
				);
				GCC_WARN_64_TO_32_BIT_CONVERSION = YES;
				GCC_WARN_ABOUT_RETURN_TYPE = YES_ERROR;
				GCC_WARN_UNDECLARED_SELECTOR = YES;
				GCC_WARN_UNINITIALIZED_AUTOS = YES_AGGRESSIVE;
				GCC_WARN_UNUSED_FUNCTION = YES;
				GCC_WARN_UNUSED_VARIABLE = YES;
				IPHONEOS_DEPLOYMENT_TARGET = 26.0;
				LOCALIZATION_PREFERS_STRING_CATALOGS = YES;
				MTL_ENABLE_DEBUG_INFO = INCLUDE_SOURCE;
				MTL_FAST_MATH = YES;
				ONLY_ACTIVE_ARCH = YES;
				SDKROOT = iphoneos;
				STRING_CATALOG_GENERATE_SYMBOLS = YES;
				SWIFT_ACTIVE_COMPILATION_CONDITIONS = "DEBUG $(inherited)";
				SWIFT_OPTIMIZATION_LEVEL = "-Onone";
			};
			name = Debug;
		};
		85B3C5872EA943580060BCEC /* Release */ = {
			isa = XCBuildConfiguration;
			buildSettings = {
				ALWAYS_SEARCH_USER_PATHS = NO;
				ASSETCATALOG_COMPILER_GENERATE_SWIFT_ASSET_SYMBOL_EXTENSIONS = YES;
				CLANG_ANALYZER_NONNULL = YES;
				CLANG_ANALYZER_NUMBER_OBJECT_CONVERSION = YES_AGGRESSIVE;
				CLANG_CXX_LANGUAGE_STANDARD = "gnu++20";
				CLANG_ENABLE_MODULES = YES;
				CLANG_ENABLE_OBJC_ARC = YES;
				CLANG_ENABLE_OBJC_WEAK = YES;
				CLANG_WARN_BLOCK_CAPTURE_AUTORELEASING = YES;
				CLANG_WARN_BOOL_CONVERSION = YES;
				CLANG_WARN_COMMA = YES;
				CLANG_WARN_CONSTANT_CONVERSION = YES;
				CLANG_WARN_DEPRECATED_OBJC_IMPLEMENTATIONS = YES;
				CLANG_WARN_DIRECT_OBJC_ISA_USAGE = YES_ERROR;
				CLANG_WARN_DOCUMENTATION_COMMENTS = YES;
				CLANG_WARN_EMPTY_BODY = YES;
				CLANG_WARN_ENUM_CONVERSION = YES;
				CLANG_WARN_INFINITE_RECURSION = YES;
				CLANG_WARN_INT_CONVERSION = YES;
				CLANG_WARN_NON_LITERAL_NULL_CONVERSION = YES;
				CLANG_WARN_OBJC_IMPLICIT_RETAIN_SELF = YES;
				CLANG_WARN_OBJC_LITERAL_CONVERSION = YES;
				CLANG_WARN_OBJC_ROOT_CLASS = YES_ERROR;
				CLANG_WARN_QUOTED_INCLUDE_IN_FRAMEWORK_HEADER = YES;
				CLANG_WARN_RANGE_LOOP_ANALYSIS = YES;
				CLANG_WARN_STRICT_PROTOTYPES = YES;
				CLANG_WARN_SUSPICIOUS_MOVE = YES;
				CLANG_WARN_UNGUARDED_AVAILABILITY = YES_AGGRESSIVE;
				CLANG_WARN_UNREACHABLE_CODE = YES;
				CLANG_WARN__DUPLICATE_METHOD_MATCH = YES;
				COPY_PHASE_STRIP = NO;
				DEBUG_INFORMATION_FORMAT = "dwarf-with-dsym";
				DEVELOPMENT_TEAM = FBUNBDS7R7;
				ENABLE_NS_ASSERTIONS = NO;
				ENABLE_STRICT_OBJC_MSGSEND = YES;
				ENABLE_USER_SCRIPT_SANDBOXING = YES;
				GCC_C_LANGUAGE_STANDARD = gnu17;
				GCC_NO_COMMON_BLOCKS = YES;
				GCC_WARN_64_TO_32_BIT_CONVERSION = YES;
				GCC_WARN_ABOUT_RETURN_TYPE = YES_ERROR;
				GCC_WARN_UNDECLARED_SELECTOR = YES;
				GCC_WARN_UNINITIALIZED_AUTOS = YES_AGGRESSIVE;
				GCC_WARN_UNUSED_FUNCTION = YES;
				GCC_WARN_UNUSED_VARIABLE = YES;
				IPHONEOS_DEPLOYMENT_TARGET = 26.0;
				LOCALIZATION_PREFERS_STRING_CATALOGS = YES;
				MTL_ENABLE_DEBUG_INFO = NO;
				MTL_FAST_MATH = YES;
				SDKROOT = iphoneos;
				STRING_CATALOG_GENERATE_SYMBOLS = YES;
				SWIFT_COMPILATION_MODE = wholemodule;
				VALIDATE_PRODUCT = YES;
			};
			name = Release;
		};
		85B3C5892EA943580060BCEC /* Debug */ = {
			isa = XCBuildConfiguration;
			buildSettings = {
				ASSETCATALOG_COMPILER_APPICON_NAME = AppIcon;
				ASSETCATALOG_COMPILER_GLOBAL_ACCENT_COLOR_NAME = AccentColor;
				CLANG_ENABLE_MODULES = YES;
				CODE_SIGN_STYLE = Automatic;
				CURRENT_PROJECT_VERSION = 3;
				DEVELOPMENT_TEAM = FBUNBDS7R7;
				ENABLE_PREVIEWS = YES;
				GENERATE_INFOPLIST_FILE = YES;
				INFOPLIST_KEY_UIApplicationSceneManifest_Generation = YES;
				INFOPLIST_KEY_UIApplicationSupportsIndirectInputEvents = YES;
				INFOPLIST_KEY_UILaunchScreen_Generation = YES;
				INFOPLIST_KEY_UISupportedInterfaceOrientations = "UIInterfaceOrientationLandscapeLeft UIInterfaceOrientationLandscapeRight UIInterfaceOrientationPortrait UIInterfaceOrientationPortraitUpsideDown";
				LD_RUNPATH_SEARCH_PATHS = (
					"$(inherited)",
					"@executable_path/Frameworks",
				);
				MARKETING_VERSION = 1.5;
				PRODUCT_BUNDLE_IDENTIFIER = "com.MarkFriedlander.Hal-Universal";
				PRODUCT_NAME = "$(TARGET_NAME)";
				STRING_CATALOG_GENERATE_SYMBOLS = YES;
				SWIFT_APPROACHABLE_CONCURRENCY = YES;
				SWIFT_DEFAULT_ACTOR_ISOLATION = MainActor;
				SWIFT_EMIT_LOC_STRINGS = YES;
				SWIFT_OPTIMIZATION_LEVEL = "-Onone";
				SWIFT_UPCOMING_FEATURE_MEMBER_IMPORT_VISIBILITY = YES;
				SWIFT_VERSION = 5.0;
				TARGETED_DEVICE_FAMILY = "1,2";
			};
			name = Debug;
		};
		85B3C58A2EA943580060BCEC /* Release */ = {
			isa = XCBuildConfiguration;
			buildSettings = {
				ASSETCATALOG_COMPILER_APPICON_NAME = AppIcon;
				ASSETCATALOG_COMPILER_GLOBAL_ACCENT_COLOR_NAME = AccentColor;
				CLANG_ENABLE_MODULES = YES;
				CODE_SIGN_STYLE = Automatic;
				CURRENT_PROJECT_VERSION = 3;
				DEVELOPMENT_TEAM = FBUNBDS7R7;
				ENABLE_PREVIEWS = YES;
				GENERATE_INFOPLIST_FILE = YES;
				INFOPLIST_KEY_UIApplicationSceneManifest_Generation = YES;
				INFOPLIST_KEY_UIApplicationSupportsIndirectInputEvents = YES;
				INFOPLIST_KEY_UILaunchScreen_Generation = YES;
				INFOPLIST_KEY_UISupportedInterfaceOrientations = "UIInterfaceOrientationLandscapeLeft UIInterfaceOrientationLandscapeRight UIInterfaceOrientationPortrait UIInterfaceOrientationPortraitUpsideDown";
				LD_RUNPATH_SEARCH_PATHS = (
					"$(inherited)",
					"@executable_path/Frameworks",
				);
				MARKETING_VERSION = 1.5;
				PRODUCT_BUNDLE_IDENTIFIER = "com.MarkFriedlander.Hal-Universal";
				PRODUCT_NAME = "$(TARGET_NAME)";
				STRING_CATALOG_GENERATE_SYMBOLS = YES;
				SWIFT_APPROACHABLE_CONCURRENCY = YES;
				SWIFT_DEFAULT_ACTOR_ISOLATION = MainActor;
				SWIFT_EMIT_LOC_STRINGS = YES;
				SWIFT_UPCOMING_FEATURE_MEMBER_IMPORT_VISIBILITY = YES;
				SWIFT_VERSION = 5.0;
				TARGETED_DEVICE_FAMILY = "1,2";
			};
			name = Release;
		};
/* End XCBuildConfiguration section */

/* Begin XCConfigurationList section */
		85B3C5782EA943560060BCEC /* Build configuration list for PBXProject "Hal Universal" */ = {
			isa = XCConfigurationList;
			buildConfigurations = (
				85B3C5862EA943580060BCEC /* Debug */,
				85B3C5872EA943580060BCEC /* Release */,
			);
			defaultConfigurationIsVisible = 0;
			defaultConfigurationName = Release;
		};
		85B3C5882EA943580060BCEC /* Build configuration list for PBXNativeTarget "Hal Universal" */ = {
			isa = XCConfigurationList;
			buildConfigurations = (
				85B3C5892EA943580060BCEC /* Debug */,
				85B3C58A2EA943580060BCEC /* Release */,
			);
			defaultConfigurationIsVisible = 0;
			defaultConfigurationName = Release;
		};
/* End XCConfigurationList section */

/* Begin XCRemoteSwiftPackageReference section */
		855E38672EA94F460029C420 /* XCRemoteSwiftPackageReference "mlx-swift" */ = {
			isa = XCRemoteSwiftPackageReference;
			repositoryURL = "https://github.com/ml-explore/mlx-swift";
			requirement = {
				kind = upToNextMajorVersion;
				minimumVersion = 0.29.1;
			};
		};
		858DA3242EA956AC00A44B2F /* XCRemoteSwiftPackageReference "mlx-swift-examples" */ = {
			isa = XCRemoteSwiftPackageReference;
			repositoryURL = "https://github.com/ml-explore/mlx-swift-examples";
			requirement = {
				kind = upToNextMajorVersion;
				minimumVersion = 2.29.1;
			};
		};
/* End XCRemoteSwiftPackageReference section */

/* Begin XCSwiftPackageProductDependency section */
		855E38682EA94F460029C420 /* MLX */ = {
			isa = XCSwiftPackageProductDependency;
			package = 855E38672EA94F460029C420 /* XCRemoteSwiftPackageReference "mlx-swift" */;
			productName = MLX;
		};
		855E386A2EA94F460029C420 /* MLXFast */ = {
			isa = XCSwiftPackageProductDependency;
			package = 855E38672EA94F460029C420 /* XCRemoteSwiftPackageReference "mlx-swift" */;
			productName = MLXFast;
		};
		855E386C2EA94F460029C420 /* MLXLinalg */ = {
			isa = XCSwiftPackageProductDependency;
			package = 855E38672EA94F460029C420 /* XCRemoteSwiftPackageReference "mlx-swift" */;
			productName = MLXLinalg;
		};
		855E386E2EA94F460029C420 /* MLXNN */ = {
			isa = XCSwiftPackageProductDependency;
			package = 855E38672EA94F460029C420 /* XCRemoteSwiftPackageReference "mlx-swift" */;
			productName = MLXNN;
		};
		858DA3252EA956AC00A44B2F /* MLXLLM */ = {
			isa = XCSwiftPackageProductDependency;
			package = 858DA3242EA956AC00A44B2F /* XCRemoteSwiftPackageReference "mlx-swift-examples" */;
			productName = MLXLLM;
		};
		858DA3272EA956AC00A44B2F /* MLXLMCommon */ = {
			isa = XCSwiftPackageProductDependency;
			package = 858DA3242EA956AC00A44B2F /* XCRemoteSwiftPackageReference "mlx-swift-examples" */;
			productName = MLXLMCommon;
		};
/* End XCSwiftPackageProductDependency section */
	};
	rootObject = 85B3C5752EA943560060BCEC /* Project object */;
}
